{
  "nodes": {
    "ciel": {
      "inputs": {
        "nix-eda": [
          "librelane",
          "nix-eda"
        ]
      },
      "locked": {
        "lastModified": 1764091696,
        "narHash": "sha256-AWbkHL0zO3tD0mE3dZIcj8mVND7o3imTxOpEfOtlRDI=",
        "owner": "fossi-foundation",
        "repo": "ciel",
        "rev": "afcb23d368614ffa1e7e96584ed33f839c71c576",
        "type": "github"
      },
      "original": {
        "owner": "fossi-foundation",
        "repo": "ciel",
        "type": "github"
      }
    },
    "devshell": {
      "inputs": {
        "nixpkgs": [
          "librelane",
          "nix-eda",
          "nixpkgs"
        ]
      },
      "locked": {
        "lastModified": 1768818222,
        "narHash": "sha256-460jc0+CZfyaO8+w8JNtlClB2n4ui1RbHfPTLkpwhU8=",
        "owner": "numtide",
        "repo": "devshell",
        "rev": "255a2b1725a20d060f566e4755dbf571bbbb5f76",
        "type": "github"
      },
      "original": {
        "owner": "numtide",
        "repo": "devshell",
        "type": "github"
      }
    },
    "fabulator-src": {
      "flake": false,
      "locked": {
        "lastModified": 1754387121,
        "narHash": "sha256-ASM3lgvdH+6t4rkTixATETVGcibPVWhsFFD2sWfRDCc=",
        "owner": "FPGA-Research",
        "repo": "FABulator",
        "rev": "beccd4e4c58b9fc92fafaf082883c20367dbe5ba",
        "type": "github"
      },
      "original": {
        "owner": "FPGA-Research",
        "repo": "FABulator",
        "rev": "beccd4e4c58b9fc92fafaf082883c20367dbe5ba",
        "type": "github"
      }
    },
    "flake-compat": {
      "locked": {
        "lastModified": 1733328505,
        "narHash": "sha256-NeCCThCEP3eCl2l/+27kNNK7QrwZB1IJCrXfrbv5oqU=",
        "rev": "ff81ac966bb2cae68946d5ed5fc4994f96d0ffec",
        "revCount": 69,
        "type": "tarball",
        "url": "https://api.flakehub.com/f/pinned/edolstra/flake-compat/1.1.0/01948eb7-9cba-704f-bbf3-3fa956735b52/source.tar.gz"
      },
      "original": {
        "type": "tarball",
        "url": "https://flakehub.com/f/edolstra/flake-compat/1.tar.gz"
      }
    },
    "ghdl-bin-aarch64-darwin": {
      "flake": false,
      "locked": {
        "lastModified": 1772908613,
        "narHash": "sha256-2qfMjiGlOxRLoDuMNBwBefABuE61i9ZtPYw4tOhaDFI=",
        "type": "tarball",
        "url": "https://github.com/ghdl/ghdl/releases/download/v6.0.0/ghdl-llvm-jit-6.0.0-macos15-aarch64.tar.gz"
      },
      "original": {
        "type": "tarball",
        "url": "https://github.com/ghdl/ghdl/releases/download/v6.0.0/ghdl-llvm-jit-6.0.0-macos15-aarch64.tar.gz"
      }
    },
    "ghdl-bin-x86_64-linux": {
      "flake": false,
      "locked": {
        "lastModified": 1772908664,
        "narHash": "sha256-KwP6SEPS4tssAJIW46GmJpWe41zEyRQFGWv6/0eFTwQ=",
        "type": "tarball",
        "url": "https://github.com/ghdl/ghdl/releases/download/v6.0.0/ghdl-mcode-6.0.0-ubuntu24.04-x86_64.tar.gz"
      },
      "original": {
        "type": "tarball",
        "url": "https://github.com/ghdl/ghdl/releases/download/v6.0.0/ghdl-mcode-6.0.0-ubuntu24.04-x86_64.tar.gz"
      }
    },
    "ghdl-yosys-plugin-src": {
      "flake": false,
      "locked": {
        "lastModified": 1768124497,
        "narHash": "sha256-LETpUfpIezSxD4A9VYA/OvgN3aZd1YivPe2w973X3nk=",
        "owner": "ghdl",
        "repo": "ghdl-yosys-plugin",
        "rev": "07a30ed39fb6a078f1bf7e9e88ce9ed712380ec2",
        "type": "github"
      },
      "original": {
        "owner": "ghdl",
        "ref": "ghdl-v6.0.0",
        "repo": "ghdl-yosys-plugin",
        "type": "github"
      }
    },
    "librelane": {
      "inputs": {
        "ciel": "ciel",
        "devshell": "devshell",
        "flake-compat": "flake-compat",
        "nix-eda": "nix-eda"
      },
      "locked": {
        "lastModified": 1782095523,
        "narHash": "sha256-xUdRMYrqhEY9B88h4fVp8/xJte31pKFwSAgETqH3UVM=",
        "owner": "librelane",
        "repo": "librelane",
        "rev": "da16e8d1641e9ae7eeaf6ee24cb67d5d4ece2a3f",
        "type": "github"
      },
      "original": {
        "owner": "librelane",
        "repo": "librelane",
        "type": "github"
      }
    },
    "nextpnr-src": {
      "flake": false,
      "locked": {
        "lastModified": 1781853188,
        "narHash": "sha256-NOAj3/OCmybEnbhdL+pzVD/JBmnXZ0UyqVaEc4q6R0A=",
        "owner": "YosysHQ",
        "repo": "nextpnr",
        "rev": "2b560ad0ccc6e7e93ad8bd6cb0f88f925bbb314b",
        "type": "github"
      },
      "original": {
        "owner": "YosysHQ",
        "repo": "nextpnr",
        "type": "github"
      }
    },
    "nix-eda": {
      "inputs": {
        "nixpkgs": "nixpkgs"
      },
      "locked": {
        "lastModified": 1773918136,
        "narHash": "sha256-nSKBMGP8/ZC7qB3Lzd+FwM8REqOxlh8wpYDf2hlK6Gg=",
        "owner": "fossi-foundation",
        "repo": "nix-eda",
        "rev": "8f990fb77529c09e540e453cd836af9930ec58db",
        "type": "github"
      },
      "original": {
        "owner": "fossi-foundation",
        "ref": "6.11.0",
        "repo": "nix-eda",
        "type": "github"
      }
    },
    "nixpkgs": {
      "locked": {
        "lastModified": 1766201043,
        "narHash": "sha256-eplAP+rorKKd0gNjV3rA6+0WMzb1X1i16F5m5pASnjA=",
        "owner": "nixos",
        "repo": "nixpkgs",
        "rev": "b3aad468604d3e488d627c0b43984eb60e75e782",
        "type": "github"
      },
      "original": {
        "owner": "nixos",
        "ref": "nixos-25.11",
        "repo": "nixpkgs",
        "type": "github"
      }
    },
    "pyproject-build-systems": {
      "inputs": {
        "nixpkgs": [
          "nixpkgs"
        ],
        "pyproject-nix": [
          "pyproject-nix"
        ],
        "uv2nix": [
          "uv2nix"
        ]
      },
      "locked": {
        "lastModified": 1782093830,
        "narHash": "sha256-6gmEVe69+KlRkZD4PEEV5xAlB9CB0Y9TiuEgQjDrKTQ=",
        "owner": "pyproject-nix",
        "repo": "build-system-pkgs",
        "rev": "430680a19bc85a3bda55f12e4cc1a1aadcf2e478",
        "type": "github"
      },
      "original": {
        "owner": "pyproject-nix",
        "repo": "build-system-pkgs",
        "type": "github"
      }
    },
    "pyproject-nix": {
      "inputs": {
        "nixpkgs": [
          "nixpkgs"
        ]
      },
      "locked": {
        "lastModified": 1780416763,
        "narHash": "sha256-rRK3IFixgsrK6S3e14Xz9HAZm7+kMAIl3oi5zZlcwYI=",
        "owner": "pyproject-nix",
        "repo": "pyproject.nix",
        "rev": "ad83f1ead0e78e57b188f35cb57298affb06fc5f",
        "type": "github"
      },
      "original": {
        "owner": "pyproject-nix",
        "repo": "pyproject.nix",
        "type": "github"
      }
    },
    "root": {
      "inputs": {
        "fabulator-src": "fabulator-src",
        "ghdl-bin-aarch64-darwin": "ghdl-bin-aarch64-darwin",
        "ghdl-bin-x86_64-linux": "ghdl-bin-x86_64-linux",
        "ghdl-yosys-plugin-src": "ghdl-yosys-plugin-src",
        "librelane": "librelane",
        "nextpnr-src": "nextpnr-src",
        "nix-eda": [
          "librelane",
          "nix-eda"
        ],
        "nixpkgs": [
          "librelane",
          "nix-eda",
          "nixpkgs"
        ],
        "pyproject-build-systems": "pyproject-build-systems",
        "pyproject-nix": "pyproject-nix",
        "uv2nix": "uv2nix",
        "yosys-src": "yosys-src"
      }
    },
    "uv2nix": {
      "inputs": {
        "nixpkgs": [
          "nixpkgs"
        ],
        "pyproject-nix": [
          "pyproject-nix"
        ]
      },
      "locked": {
        "lastModified": 1782100052,
        "narHash": "sha256-UfyLY3Hfwb3JqxCcj0953GxTFI5dEL85EKEe6DAFiVs=",
        "owner": "pyproject-nix",
        "repo": "uv2nix",
        "rev": "920fc6dfaf9f10ec56de93b184055e1a9f380d5e",
        "type": "github"
      },
      "original": {
        "owner": "pyproject-nix",
        "repo": "uv2nix",
        "type": "github"
      }
    },
    "yosys-src": {
      "flake": false,
      "locked": {
        "lastModified": 1780921287,
        "narHash": "sha256-PHevZAdqVpIPqLklu/8CCwkumipXfPjsVxcazWgmwGI=",
        "ref": "refs/heads/main",
        "rev": "b4c7a9b40a9c8a1f2031a6090b988a559565c69a",
        "revCount": 17258,
        "submodules": true,
        "type": "git",
        "url": "https://github.com/YosysHQ/yosys"
      },
      "original": {
        "submodules": true,
        "type": "git",
        "url": "https://github.com/YosysHQ/yosys"
      }
    }
  },
  "root": "root",
  "version": 7
}
